
Microsoft Visual Studio Solution File, Format Version 12.00
# Visual Studio Version 17
VisualStudioVersion = 17.8.34309.116
MinimumVisualStudioVersion = 10.0.40219.1
Project("{FAE04EC0-301F-11D3-BF4B-00C04F79EFBC}") = "EasyCachingExplorer", "EasyCachingExplorer\EasyCachingExplorer.csproj", "{F97C8D54-BD71-40EB-B1EB-3D8277A7FCFA}"
EndProject
Global
	GlobalSection(SolutionConfigurationPlatforms) = preSolution
		Debug|Any CPU = Debug|Any CPU
		Release|Any CPU = Release|Any CPU
	EndGlobalSection
	GlobalSection(ProjectConfigurationPlatforms) = postSolution
		{F97C8D54-BD71-40EB-B1EB-3D8277A7FCFA}.Debug|Any CPU.ActiveCfg = Debug|Any CPU
		{F97C8D54-BD71-40EB-B1EB-3D8277A7FCFA}.Debug|Any CPU.Build.0 = Debug|Any CPU
		{F97C8D54-BD71-40EB-B1EB-3D8277A7FCFA}.Release|Any CPU.ActiveCfg = Release|Any CPU
		{F97C8D54-BD71-40EB-B1EB-3D8277A7FCFA}.Release|Any CPU.Build.0 = Release|Any CPU
	EndGlobalSection
	GlobalSection(SolutionProperties) = preSolution
		HideSolutionNode = FALSE
	EndGlobalSection
	GlobalSection(ExtensibilityGlobals) = postSolution
		SolutionGuid = {D28D9B5C-61DF-48A8-A687-0EE4F9870E4A}
	EndGlobalSection
EndGlobal
